// !$*UTF8*$!
{
	archiveVersion = 1;
	classes = {
	};
	objectVersion = 50;
	objects = {

/* Begin PBXBuildFile section */
		39A9412F229404B90037A9E8 /* AppDelegate.swift in Sources */ = {isa = PBXBuildFile; fileRef = 39A9412E229404B90037A9E8 /* AppDelegate.swift */; };
		39A94131229404B90037A9E8 /* TableViewController.swift in Sources */ = {isa = PBXBuildFile; fileRef = 39A94130229404B90037A9E8 /* TableViewController.swift */; };
		39A94134229404B90037A9E8 /* Main.storyboard in Resources */ = {isa = PBXBuildFile; fileRef = 39A94132229404B90037A9E8 /* Main.storyboard */; };
		39A94136229404B90037A9E8 /* Assets.xcassets in Resources */ = {isa = PBXBuildFile; fileRef = 39A94135229404B90037A9E8 /* Assets.xcassets */; };
		39A94139229404B90037A9E8 /* LaunchScreen.storyboard in Resources */ = {isa = PBXBuildFile; fileRef = 39A94137229404B90037A9E8 /* LaunchScreen.storyboard */; };
		39A94144229404B90037A9E8 /* Simpson_Character_BookTests.swift in Sources */ = {isa = PBXBuildFile; fileRef = 39A94143229404B90037A9E8 /* Simpson_Character_BookTests.swift */; };
		39A9414F229404B90037A9E8 /* Simpson_Character_BookUITests.swift in Sources */ = {isa = PBXBuildFile; fileRef = 39A9414E229404B90037A9E8 /* Simpson_Character_BookUITests.swift */; };
		39A9415D229407110037A9E8 /* DetailsViewController.swift in Sources */ = {isa = PBXBuildFile; fileRef = 39A9415C229407110037A9E8 /* DetailsViewController.swift */; };
		39A941682294217B0037A9E8 /* Simpson.swift in Sources */ = {isa = PBXBuildFile; fileRef = 39A941672294217B0037A9E8 /* Simpson.swift */; };
		39A9416F229425810037A9E8 /* Homer.png in Resources */ = {isa = PBXBuildFile; fileRef = 39A9416B229425800037A9E8 /* Homer.png */; };
		39A94170229425810037A9E8 /* Lisa.png in Resources */ = {isa = PBXBuildFile; fileRef = 39A9416C229425800037A9E8 /* Lisa.png */; };
		39A94171229425810037A9E8 /* Maggie.png in Resources */ = {isa = PBXBuildFile; fileRef = 39A9416D229425800037A9E8 /* Maggie.png */; };
		39A94172229425810037A9E8 /* Bart.png in Resources */ = {isa = PBXBuildFile; fileRef = 39A9416E229425810037A9E8 /* Bart.png */; };
/* End PBXBuildFile section */

/* Begin PBXContainerItemProxy section */
		39A94140229404B90037A9E8 /* PBXContainerItemProxy */ = {
			isa = PBXContainerItemProxy;
			containerPortal = 39A94123229404B80037A9E8 /* Project object */;
			proxyType = 1;
			remoteGlobalIDString = 39A9412A229404B80037A9E8;
			remoteInfo = "Simpson Character Book";
		};
		39A9414B229404B90037A9E8 /* PBXContainerItemProxy */ = {
			isa = PBXContainerItemProxy;
			containerPortal = 39A94123229404B80037A9E8 /* Project object */;
			proxyType = 1;
			remoteGlobalIDString = 39A9412A229404B80037A9E8;
			remoteInfo = "Simpson Character Book";
		};
/* End PBXContainerItemProxy section */

/* Begin PBXFileReference section */
		39A9412B229404B90037A9E8 /* Simpson Character Book.app */ = {isa = PBXFileReference; explicitFileType = wrapper.application; includeInIndex = 0; path = "Simpson Character Book.app"; sourceTree = BUILT_PRODUCTS_DIR; };
		39A9412E229404B90037A9E8 /* AppDelegate.swift */ = {isa = PBXFileReference; lastKnownFileType = sourcecode.swift; path = AppDelegate.swift; sourceTree = "<group>"; };
		39A94130229404B90037A9E8 /* TableViewController.swift */ = {isa = PBXFileReference; lastKnownFileType = sourcecode.swift; path = TableViewController.swift; sourceTree = "<group>"; };
		39A94133229404B90037A9E8 /* Base */ = {isa = PBXFileReference; lastKnownFileType = file.storyboard; name = Base; path = Base.lproj/Main.storyboard; sourceTree = "<group>"; };
		39A94135229404B90037A9E8 /* Assets.xcassets */ = {isa = PBXFileReference; lastKnownFileType = folder.assetcatalog; path = Assets.xcassets; sourceTree = "<group>"; };
		39A94138229404B90037A9E8 /* Base */ = {isa = PBXFileReference; lastKnownFileType = file.storyboard; name = Base; path = Base.lproj/LaunchScreen.storyboard; sourceTree = "<group>"; };
		39A9413A229404B90037A9E8 /* Info.plist */ = {isa = PBXFileReference; lastKnownFileType = text.plist.xml; path = Info.plist; sourceTree = "<group>"; };
		39A9413F229404B90037A9E8 /* Simpson Character BookTests.xctest */ = {isa = PBXFileReference; explicitFileType = wrapper.cfbundle; includeInIndex = 0; path = "Simpson Character BookTests.xctest"; sourceTree = BUILT_PRODUCTS_DIR; };
		39A94143229404B90037A9E8 /* Simpson_Character_BookTests.swift */ = {isa = PBXFileReference; lastKnownFileType = sourcecode.swift; path = Simpson_Character_BookTests.swift; sourceTree = "<group>"; };
		39A94145229404B90037A9E8 /* Info.plist */ = {isa = PBXFileReference; lastKnownFileType = text.plist.xml; path = Info.plist; sourceTree = "<group>"; };
		39A9414A229404B90037A9E8 /* Simpson Character BookUITests.xctest */ = {isa = PBXFileReference; explicitFileType = wrapper.cfbundle; includeInIndex = 0; path = "Simpson Character BookUITests.xctest"; sourceTree = BUILT_PRODUCTS_DIR; };
		39A9414E229404B90037A9E8 /* Simpson_Character_BookUITests.swift */ = {isa = PBXFileReference; lastKnownFileType = sourcecode.swift; path = Simpson_Character_BookUITests.swift; sourceTree = "<group>"; };
		39A94150229404B90037A9E8 /* Info.plist */ = {isa = PBXFileReference; lastKnownFileType = text.plist.xml; path = Info.plist; sourceTree = "<group>"; };
		39A9415C229407110037A9E8 /* DetailsViewController.swift */ = {isa = PBXFileReference; lastKnownFileType = sourcecode.swift; path = DetailsViewController.swift; sourceTree = "<group>"; };
		39A941672294217B0037A9E8 /* Simpson.swift */ = {isa = PBXFileReference; lastKnownFileType = sourcecode.swift; path = Simpson.swift; sourceTree = "<group>"; };
		39A9416B229425800037A9E8 /* Homer.png */ = {isa = PBXFileReference; lastKnownFileType = image.png; path = Homer.png; sourceTree = "<group>"; };
		39A9416C229425800037A9E8 /* Lisa.png */ = {isa = PBXFileReference; lastKnownFileType = image.png; path = Lisa.png; sourceTree = "<group>"; };
		39A9416D229425800037A9E8 /* Maggie.png */ = {isa = PBXFileReference; lastKnownFileType = image.png; path = Maggie.png; sourceTree = "<group>"; };
		39A9416E229425810037A9E8 /* Bart.png */ = {isa = PBXFileReference; lastKnownFileType = image.png; path = Bart.png; sourceTree = "<group>"; };
/* End PBXFileReference section */

/* Begin PBXFrameworksBuildPhase section */
		39A94128229404B80037A9E8 /* Frameworks */ = {
			isa = PBXFrameworksBuildPhase;
			buildActionMask = 2147483647;
			files = (
			);
			runOnlyForDeploymentPostprocessing = 0;
		};
		39A9413C229404B90037A9E8 /* Frameworks */ = {
			isa = PBXFrameworksBuildPhase;
			buildActionMask = 2147483647;
			files = (
			);
			runOnlyForDeploymentPostprocessing = 0;
		};
		39A94147229404B90037A9E8 /* Frameworks */ = {
			isa = PBXFrameworksBuildPhase;
			buildActionMask = 2147483647;
			files = (
			);
			runOnlyForDeploymentPostprocessing = 0;
		};
/* End PBXFrameworksBuildPhase section */

/* Begin PBXGroup section */
		39A94122229404B80037A9E8 = {
			isa = PBXGroup;
			children = (
				39A9412D229404B90037A9E8 /* Simpson Character Book */,
				39A94142229404B90037A9E8 /* Simpson Character BookTests */,
				39A9414D229404B90037A9E8 /* Simpson Character BookUITests */,
				39A9412C229404B90037A9E8 /* Products */,
			);
			sourceTree = "<group>";
		};
		39A9412C229404B90037A9E8 /* Products */ = {
			isa = PBXGroup;
			children = (
				39A9412B229404B90037A9E8 /* Simpson Character Book.app */,
				39A9413F229404B90037A9E8 /* Simpson Character BookTests.xctest */,
				39A9414A229404B90037A9E8 /* Simpson Character BookUITests.xctest */,
			);
			name = Products;
			sourceTree = "<group>";
		};
		39A9412D229404B90037A9E8 /* Simpson Character Book */ = {
			isa = PBXGroup;
			children = (
				39A9416E229425810037A9E8 /* Bart.png */,
				39A9416B229425800037A9E8 /* Homer.png */,
				39A9416C229425800037A9E8 /* Lisa.png */,
				39A9416D229425800037A9E8 /* Maggie.png */,
				39A9412E229404B90037A9E8 /* AppDelegate.swift */,
				39A94132229404B90037A9E8 /* Main.storyboard */,
				39A94130229404B90037A9E8 /* TableViewController.swift */,
				39A9415C229407110037A9E8 /* DetailsViewController.swift */,
				39A941672294217B0037A9E8 /* Simpson.swift */,
				39A94135229404B90037A9E8 /* Assets.xcassets */,
				39A94137229404B90037A9E8 /* LaunchScreen.storyboard */,
				39A9413A229404B90037A9E8 /* Info.plist */,
			);
			path = "Simpson Character Book";
			sourceTree = "<group>";
		};
		39A94142229404B90037A9E8 /* Simpson Character BookTests */ = {
			isa = PBXGroup;
			children = (
				39A94143229404B90037A9E8 /* Simpson_Character_BookTests.swift */,
				39A94145229404B90037A9E8 /* Info.plist */,
			);
			path = "Simpson Character BookTests";
			sourceTree = "<group>";
		};
		39A9414D229404B90037A9E8 /* Simpson Character BookUITests */ = {
			isa = PBXGroup;
			children = (
				39A9414E229404B90037A9E8 /* Simpson_Character_BookUITests.swift */,
				39A94150229404B90037A9E8 /* Info.plist */,
			);
			path = "Simpson Character BookUITests";
			sourceTree = "<group>";
		};
/* End PBXGroup section */

/* Begin PBXNativeTarget section */
		39A9412A229404B80037A9E8 /* Simpson Character Book */ = {
			isa = PBXNativeTarget;
			buildConfigurationList = 39A94153229404B90037A9E8 /* Build configuration list for PBXNativeTarget "Simpson Character Book" */;
			buildPhases = (
				39A94127229404B80037A9E8 /* Sources */,
				39A94128229404B80037A9E8 /* Frameworks */,
				39A94129229404B80037A9E8 /* Resources */,
			);
			buildRules = (
			);
			dependencies = (
			);
			name = "Simpson Character Book";
			productName = "Simpson Character Book";
			productReference = 39A9412B229404B90037A9E8 /* Simpson Character Book.app */;
			productType = "com.apple.product-type.application";
		};
		39A9413E229404B90037A9E8 /* Simpson Character BookTests */ = {
			isa = PBXNativeTarget;
			buildConfigurationList = 39A94156229404B90037A9E8 /* Build configuration list for PBXNativeTarget "Simpson Character BookTests" */;
			buildPhases = (
				39A9413B229404B90037A9E8 /* Sources */,
				39A9413C229404B90037A9E8 /* Frameworks */,
				39A9413D229404B90037A9E8 /* Resources */,
			);
			buildRules = (
			);
			dependencies = (
				39A94141229404B90037A9E8 /* PBXTargetDependency */,
			);
			name = "Simpson Character BookTests";
			productName = "Simpson Character BookTests";
			productReference = 39A9413F229404B90037A9E8 /* Simpson Character BookTests.xctest */;
			productType = "com.apple.product-type.bundle.unit-test";
		};
		39A94149229404B90037A9E8 /* Simpson Character BookUITests */ = {
			isa = PBXNativeTarget;
			buildConfigurationList = 39A94159229404B90037A9E8 /* Build configuration list for PBXNativeTarget "Simpson Character BookUITests" */;
			buildPhases = (
				39A94146229404B90037A9E8 /* Sources */,
				39A94147229404B90037A9E8 /* Frameworks */,
				39A94148229404B90037A9E8 /* Resources */,
			);
			buildRules = (
			);
			dependencies = (
				39A9414C229404B90037A9E8 /* PBXTargetDependency */,
			);
			name = "Simpson Character BookUITests";
			productName = "Simpson Character BookUITests";
			productReference = 39A9414A229404B90037A9E8 /* Simpson Character BookUITests.xctest */;
			productType = "com.apple.product-type.bundle.ui-testing";
		};
/* End PBXNativeTarget section */

/* Begin PBXProject section */
		39A94123229404B80037A9E8 /* Project object */ = {
			isa = PBXProject;
			attributes = {
				LastSwiftUpdateCheck = 1010;
				LastUpgradeCheck = 1010;
				ORGANIZATIONNAME = "MAC-DIN-002";
				TargetAttributes = {
					39A9412A229404B80037A9E8 = {
						CreatedOnToolsVersion = 10.1;
					};
					39A9413E229404B90037A9E8 = {
						CreatedOnToolsVersion = 10.1;
						TestTargetID = 39A9412A229404B80037A9E8;
					};
					39A94149229404B90037A9E8 = {
						CreatedOnToolsVersion = 10.1;
						TestTargetID = 39A9412A229404B80037A9E8;
					};
				};
			};
			buildConfigurationList = 39A94126229404B80037A9E8 /* Build configuration list for PBXProject "Simpson Character Book" */;
			compatibilityVersion = "Xcode 9.3";
			developmentRegion = en;
			hasScannedForEncodings = 0;
			knownRegions = (
				en,
				Base,
			);
			mainGroup = 39A94122229404B80037A9E8;
			productRefGroup = 39A9412C229404B90037A9E8 /* Products */;
			projectDirPath = "";
			projectRoot = "";
			targets = (
				39A9412A229404B80037A9E8 /* Simpson Character Book */,
				39A9413E229404B90037A9E8 /* Simpson Character BookTests */,
				39A94149229404B90037A9E8 /* Simpson Character BookUITests */,
			);
		};
/* End PBXProject section */

/* Begin PBXResourcesBuildPhase section */
		39A94129229404B80037A9E8 /* Resources */ = {
			isa = PBXResourcesBuildPhase;
			buildActionMask = 2147483647;
			files = (
				39A94139229404B90037A9E8 /* LaunchScreen.storyboard in Resources */,
				39A94172229425810037A9E8 /* Bart.png in Resources */,
				39A94136229404B90037A9E8 /* Assets.xcassets in Resources */,
				39A94170229425810037A9E8 /* Lisa.png in Resources */,
				39A94134229404B90037A9E8 /* Main.storyboard in Resources */,
				39A9416F229425810037A9E8 /* Homer.png in Resources */,
				39A94171229425810037A9E8 /* Maggie.png in Resources */,
			);
			runOnlyForDeploymentPostprocessing = 0;
		};
		39A9413D229404B90037A9E8 /* Resources */ = {
			isa = PBXResourcesBuildPhase;
			buildActionMask = 2147483647;
			files = (
			);
			runOnlyForDeploymentPostprocessing = 0;
		};
		39A94148229404B90037A9E8 /* Resources */ = {
			isa = PBXResourcesBuildPhase;
			buildActionMask = 2147483647;
			files = (
			);
			runOnlyForDeploymentPostprocessing = 0;
		};
/* End PBXResourcesBuildPhase section */

/* Begin PBXSourcesBuildPhase section */
		39A94127229404B80037A9E8 /* Sources */ = {
			isa = PBXSourcesBuildPhase;
			buildActionMask = 2147483647;
			files = (
				39A94131229404B90037A9E8 /* TableViewController.swift in Sources */,
				39A941682294217B0037A9E8 /* Simpson.swift in Sources */,
				39A9412F229404B90037A9E8 /* AppDelegate.swift in Sources */,
				39A9415D229407110037A9E8 /* DetailsViewController.swift in Sources */,
			);
			runOnlyForDeploymentPostprocessing = 0;
		};
		39A9413B229404B90037A9E8 /* Sources */ = {
			isa = PBXSourcesBuildPhase;
			buildActionMask = 2147483647;
			files = (
				39A94144229404B90037A9E8 /* Simpson_Character_BookTests.swift in Sources */,
			);
			runOnlyForDeploymentPostprocessing = 0;
		};
		39A94146229404B90037A9E8 /* Sources */ = {
			isa = PBXSourcesBuildPhase;
			buildActionMask = 2147483647;
			files = (
				39A9414F229404B90037A9E8 /* Simpson_Character_BookUITests.swift in Sources */,
			);
			runOnlyForDeploymentPostprocessing = 0;
		};
/* End PBXSourcesBuildPhase section */

/* Begin PBXTargetDependency section */
		39A94141229404B90037A9E8 /* PBXTargetDependency */ = {
			isa = PBXTargetDependency;
			target = 39A9412A229404B80037A9E8 /* Simpson Character Book */;
			targetProxy = 39A94140229404B90037A9E8 /* PBXContainerItemProxy */;
		};
		39A9414C229404B90037A9E8 /* PBXTargetDependency */ = {
			isa = PBXTargetDependency;
			target = 39A9412A229404B80037A9E8 /* Simpson Character Book */;
			targetProxy = 39A9414B229404B90037A9E8 /* PBXContainerItemProxy */;
		};
/* End PBXTargetDependency section */

/* Begin PBXVariantGroup section */
		39A94132229404B90037A9E8 /* Main.storyboard */ = {
			isa = PBXVariantGroup;
			children = (
				39A94133229404B90037A9E8 /* Base */,
			);
			name = Main.storyboard;
			sourceTree = "<group>";
		};
		39A94137229404B90037A9E8 /* LaunchScreen.storyboard */ = {
			isa = PBXVariantGroup;
			children = (
				39A94138229404B90037A9E8 /* Base */,
			);
			name = LaunchScreen.storyboard;
			sourceTree = "<group>";
		};
/* End PBXVariantGroup section */

/* Begin XCBuildConfiguration section */
		39A94151229404B90037A9E8 /* Debug */ = {
			isa = XCBuildConfiguration;
			buildSettings = {
				ALWAYS_SEARCH_USER_PATHS = NO;
				CLANG_ANALYZER_NONNULL = YES;
				CLANG_ANALYZER_NUMBER_OBJECT_CONVERSION = YES_AGGRESSIVE;
				CLANG_CXX_LANGUAGE_STANDARD = "gnu++14";
				CLANG_CXX_LIBRARY = "libc++";
				CLANG_ENABLE_MODULES = YES;
				CLANG_ENABLE_OBJC_ARC = YES;
				CLANG_ENABLE_OBJC_WEAK = YES;
				CLANG_WARN_BLOCK_CAPTURE_AUTORELEASING = YES;
				CLANG_WARN_BOOL_CONVERSION = YES;
				CLANG_WARN_COMMA = YES;
				CLANG_WARN_CONSTANT_CONVERSION = YES;
				CLANG_WARN_DEPRECATED_OBJC_IMPLEMENTATIONS = YES;
				CLANG_WARN_DIRECT_OBJC_ISA_USAGE = YES_ERROR;
				CLANG_WARN_DOCUMENTATION_COMMENTS = YES;
				CLANG_WARN_EMPTY_BODY = YES;
				CLANG_WARN_ENUM_CONVERSION = YES;
				CLANG_WARN_INFINITE_RECURSION = YES;
				CLANG_WARN_INT_CONVERSION = YES;
				CLANG_WARN_NON_LITERAL_NULL_CONVERSION = YES;
				CLANG_WARN_OBJC_IMPLICIT_RETAIN_SELF = YES;
				CLANG_WARN_OBJC_LITERAL_CONVERSION = YES;
				CLANG_WARN_OBJC_ROOT_CLASS = YES_ERROR;
				CLANG_WARN_RANGE_LOOP_ANALYSIS = YES;
				CLANG_WARN_STRICT_PROTOTYPES = YES;
				CLANG_WARN_SUSPICIOUS_MOVE = YES;
				CLANG_WARN_UNGUARDED_AVAILABILITY = YES_AGGRESSIVE;
				CLANG_WARN_UNREACHABLE_CODE = YES;
				CLANG_WARN__DUPLICATE_METHOD_MATCH = YES;
				CODE_SIGN_IDENTITY = "iPhone Developer";
				COPY_PHASE_STRIP = NO;
				DEBUG_INFORMATION_FORMAT = dwarf;
				ENABLE_STRICT_OBJC_MSGSEND = YES;
				ENABLE_TESTABILITY = YES;
				GCC_C_LANGUAGE_STANDARD = gnu11;
				GCC_DYNAMIC_NO_PIC = NO;
				GCC_NO_COMMON_BLOCKS = YES;
				GCC_OPTIMIZATION_LEVEL = 0;
				GCC_PREPROCESSOR_DEFINITIONS = (
					"DEBUG=1",
					"$(inherited)",
				);
				GCC_WARN_64_TO_32_BIT_CONVERSION = YES;
				GCC_WARN_ABOUT_RETURN_TYPE = YES_ERROR;
				GCC_WARN_UNDECLARED_SELECTOR = YES;
				GCC_WARN_UNINITIALIZED_AUTOS = YES_AGGRESSIVE;
				GCC_WARN_UNUSED_FUNCTION = YES;
				GCC_WARN_UNUSED_VARIABLE = YES;
				IPHONEOS_DEPLOYMENT_TARGET = 12.1;
				MTL_ENABLE_DEBUG_INFO = INCLUDE_SOURCE;
				MTL_FAST_MATH = YES;
				ONLY_ACTIVE_ARCH = YES;
				SDKROOT = iphoneos;
				SWIFT_ACTIVE_COMPILATION_CONDITIONS = DEBUG;
				SWIFT_OPTIMIZATION_LEVEL = "-Onone";
			};
			name = Debug;
		};
		39A94152229404B90037A9E8 /* Release */ = {
			isa = XCBuildConfiguration;
			buildSettings = {
				ALWAYS_SEARCH_USER_PATHS = NO;
				CLANG_ANALYZER_NONNULL = YES;
				CLANG_ANALYZER_NUMBER_OBJECT_CONVERSION = YES_AGGRESSIVE;
				CLANG_CXX_LANGUAGE_STANDARD = "gnu++14";
				CLANG_CXX_LIBRARY = "libc++";
				CLANG_ENABLE_MODULES = YES;
				CLANG_ENABLE_OBJC_ARC = YES;
				CLANG_ENABLE_OBJC_WEAK = YES;
				CLANG_WARN_BLOCK_CAPTURE_AUTORELEASING = YES;
				CLANG_WARN_BOOL_CONVERSION = YES;
				CLANG_WARN_COMMA = YES;
				CLANG_WARN_CONSTANT_CONVERSION = YES;
				CLANG_WARN_DEPRECATED_OBJC_IMPLEMENTATIONS = YES;
				CLANG_WARN_DIRECT_OBJC_ISA_USAGE = YES_ERROR;
				CLANG_WARN_DOCUMENTATION_COMMENTS = YES;
				CLANG_WARN_EMPTY_BODY = YES;
				CLANG_WARN_ENUM_CONVERSION = YES;
				CLANG_WARN_INFINITE_RECURSION = YES;
				CLANG_WARN_INT_CONVERSION = YES;
				CLANG_WARN_NON_LITERAL_NULL_CONVERSION = YES;
				CLANG_WARN_OBJC_IMPLICIT_RETAIN_SELF = YES;
				CLANG_WARN_OBJC_LITERAL_CONVERSION = YES;
				CLANG_WARN_OBJC_ROOT_CLASS = YES_ERROR;
				CLANG_WARN_RANGE_LOOP_ANALYSIS = YES;
				CLANG_WARN_STRICT_PROTOTYPES = YES;
				CLANG_WARN_SUSPICIOUS_MOVE = YES;
				CLANG_WARN_UNGUARDED_AVAILABILITY = YES_AGGRESSIVE;
				CLANG_WARN_UNREACHABLE_CODE = YES;
				CLANG_WARN__DUPLICATE_METHOD_MATCH = YES;
				CODE_SIGN_IDENTITY = "iPhone Developer";
				COPY_PHASE_STRIP = NO;
				DEBUG_INFORMATION_FORMAT = "dwarf-with-dsym";
				ENABLE_NS_ASSERTIONS = NO;
				ENABLE_STRICT_OBJC_MSGSEND = YES;
				GCC_C_LANGUAGE_STANDARD = gnu11;
				GCC_NO_COMMON_BLOCKS = YES;
				GCC_WARN_64_TO_32_BIT_CONVERSION = YES;
				GCC_WARN_ABOUT_RETURN_TYPE = YES_ERROR;
				GCC_WARN_UNDECLARED_SELECTOR = YES;
				GCC_WARN_UNINITIALIZED_AUTOS = YES_AGGRESSIVE;
				GCC_WARN_UNUSED_FUNCTION = YES;
				GCC_WARN_UNUSED_VARIABLE = YES;
				IPHONEOS_DEPLOYMENT_TARGET = 12.1;
				MTL_ENABLE_DEBUG_INFO = NO;
				MTL_FAST_MATH = YES;
				SDKROOT = iphoneos;
				SWIFT_COMPILATION_MODE = wholemodule;
				SWIFT_OPTIMIZATION_LEVEL = "-O";
				VALIDATE_PRODUCT = YES;
			};
			name = Release;
		};
		39A94154229404B90037A9E8 /* Debug */ = {
			isa = XCBuildConfiguration;
			buildSettings = {
				ASSETCATALOG_COMPILER_APPICON_NAME = AppIcon;
				CODE_SIGN_STYLE = Automatic;
				DEVELOPMENT_TEAM = 26ZA897QGK;
				INFOPLIST_FILE = "Simpson Character Book/Info.plist";
				LD_RUNPATH_SEARCH_PATHS = (
					"$(inherited)",
					"@executable_path/Frameworks",
				);
				PRODUCT_BUNDLE_IDENTIFIER = "fr.sesamevitale.cordonp.firstApp.Simpson-Character-Book";
				PRODUCT_NAME = "$(TARGET_NAME)";
				SWIFT_VERSION = 4.2;
				TARGETED_DEVICE_FAMILY = "1,2";
			};
			name = Debug;
		};
		39A94155229404B90037A9E8 /* Release */ = {
			isa = XCBuildConfiguration;
			buildSettings = {
				ASSETCATALOG_COMPILER_APPICON_NAME = AppIcon;
				CODE_SIGN_STYLE = Automatic;
				DEVELOPMENT_TEAM = 26ZA897QGK;
				INFOPLIST_FILE = "Simpson Character Book/Info.plist";
				LD_RUNPATH_SEARCH_PATHS = (
					"$(inherited)",
					"@executable_path/Frameworks",
				);
				PRODUCT_BUNDLE_IDENTIFIER = "fr.sesamevitale.cordonp.firstApp.Simpson-Character-Book";
				PRODUCT_NAME = "$(TARGET_NAME)";
				SWIFT_VERSION = 4.2;
				TARGETED_DEVICE_FAMILY = "1,2";
			};
			name = Release;
		};
		39A94157229404B90037A9E8 /* Debug */ = {
			isa = XCBuildConfiguration;
			buildSettings = {
				ALWAYS_EMBED_SWIFT_STANDARD_LIBRARIES = YES;
				BUNDLE_LOADER = "$(TEST_HOST)";
				CODE_SIGN_STYLE = Automatic;
				DEVELOPMENT_TEAM = 26ZA897QGK;
				INFOPLIST_FILE = "Simpson Character BookTests/Info.plist";
				LD_RUNPATH_SEARCH_PATHS = (
					"$(inherited)",
					"@executable_path/Frameworks",
					"@loader_path/Frameworks",
				);
				PRODUCT_BUNDLE_IDENTIFIER = "fr.sesamevitale.cordonp.firstApp.Simpson-Character-BookTests";
				PRODUCT_NAME = "$(TARGET_NAME)";
				SWIFT_VERSION = 4.2;
				TARGETED_DEVICE_FAMILY = "1,2";
				TEST_HOST = "$(BUILT_PRODUCTS_DIR)/Simpson Character Book.app/Simpson Character Book";
			};
			name = Debug;
		};
		39A94158229404B90037A9E8 /* Release */ = {
			isa = XCBuildConfiguration;
			buildSettings = {
				ALWAYS_EMBED_SWIFT_STANDARD_LIBRARIES = YES;
				BUNDLE_LOADER = "$(TEST_HOST)";
				CODE_SIGN_STYLE = Automatic;
				DEVELOPMENT_TEAM = 26ZA897QGK;
				INFOPLIST_FILE = "Simpson Character BookTests/Info.plist";
				LD_RUNPATH_SEARCH_PATHS = (
					"$(inherited)",
					"@executable_path/Frameworks",
					"@loader_path/Frameworks",
				);
				PRODUCT_BUNDLE_IDENTIFIER = "fr.sesamevitale.cordonp.firstApp.Simpson-Character-BookTests";
				PRODUCT_NAME = "$(TARGET_NAME)";
				SWIFT_VERSION = 4.2;
				TARGETED_DEVICE_FAMILY = "1,2";
				TEST_HOST = "$(BUILT_PRODUCTS_DIR)/Simpson Character Book.app/Simpson Character Book";
			};
			name = Release;
		};
		39A9415A229404B90037A9E8 /* Debug */ = {
			isa = XCBuildConfiguration;
			buildSettings = {
				ALWAYS_EMBED_SWIFT_STANDARD_LIBRARIES = YES;
				CODE_SIGN_STYLE = Automatic;
				DEVELOPMENT_TEAM = 26ZA897QGK;
				INFOPLIST_FILE = "Simpson Character BookUITests/Info.plist";
				LD_RUNPATH_SEARCH_PATHS = (
					"$(inherited)",
					"@executable_path/Frameworks",
					"@loader_path/Frameworks",
				);
				PRODUCT_BUNDLE_IDENTIFIER = "fr.sesamevitale.cordonp.firstApp.Simpson-Character-BookUITests";
				PRODUCT_NAME = "$(TARGET_NAME)";
				SWIFT_VERSION = 4.2;
				TARGETED_DEVICE_FAMILY = "1,2";
				TEST_TARGET_NAME = "Simpson Character Book";
			};
			name = Debug;
		};
		39A9415B229404B90037A9E8 /* Release */ = {
			isa = XCBuildConfiguration;
			buildSettings = {
				ALWAYS_EMBED_SWIFT_STANDARD_LIBRARIES = YES;
				CODE_SIGN_STYLE = Automatic;
				DEVELOPMENT_TEAM = 26ZA897QGK;
				INFOPLIST_FILE = "Simpson Character BookUITests/Info.plist";
				LD_RUNPATH_SEARCH_PATHS = (
					"$(inherited)",
					"@executable_path/Frameworks",
					"@loader_path/Frameworks",
				);
				PRODUCT_BUNDLE_IDENTIFIER = "fr.sesamevitale.cordonp.firstApp.Simpson-Character-BookUITests";
				PRODUCT_NAME = "$(TARGET_NAME)";
				SWIFT_VERSION = 4.2;
				TARGETED_DEVICE_FAMILY = "1,2";
				TEST_TARGET_NAME = "Simpson Character Book";
			};
			name = Release;
		};
/* End XCBuildConfiguration section */

/* Begin XCConfigurationList section */
		39A94126229404B80037A9E8 /* Build configuration list for PBXProject "Simpson Character Book" */ = {
			isa = XCConfigurationList;
			buildConfigurations = (
				39A94151229404B90037A9E8 /* Debug */,
				39A94152229404B90037A9E8 /* Release */,
			);
			defaultConfigurationIsVisible = 0;
			defaultConfigurationName = Release;
		};
		39A94153229404B90037A9E8 /* Build configuration list for PBXNativeTarget "Simpson Character Book" */ = {
			isa = XCConfigurationList;
			buildConfigurations = (
				39A94154229404B90037A9E8 /* Debug */,
				39A94155229404B90037A9E8 /* Release */,
			);
			defaultConfigurationIsVisible = 0;
			defaultConfigurationName = Release;
		};
		39A94156229404B90037A9E8 /* Build configuration list for PBXNativeTarget "Simpson Character BookTests" */ = {
			isa = XCConfigurationList;
			buildConfigurations = (
				39A94157229404B90037A9E8 /* Debug */,
				39A94158229404B90037A9E8 /* Release */,
			);
			defaultConfigurationIsVisible = 0;
			defaultConfigurationName = Release;
		};
		39A94159229404B90037A9E8 /* Build configuration list for PBXNativeTarget "Simpson Character BookUITests" */ = {
			isa = XCConfigurationList;
			buildConfigurations = (
				39A9415A229404B90037A9E8 /* Debug */,
				39A9415B229404B90037A9E8 /* Release */,
			);
			defaultConfigurationIsVisible = 0;
			defaultConfigurationName = Release;
		};
/* End XCConfigurationList section */
	};
	rootObject = 39A94123229404B80037A9E8 /* Project object */;
}
